// !$*UTF8*$!
{
	archiveVersion = 1;
	classes = {
	};
	objectVersion = 46;
	objects = {

/* Begin PBXBuildFile section */
		A48667831CB5845100310C29 /* MValue.cpp in Sources */ = {isa = PBXBuildFile; fileRef = A48667811CB5845100310C29 /* MValue.cpp */; };
		A48667861CB5CA5700310C29 /* MAdder.cpp in Sources */ = {isa = PBXBuildFile; fileRef = A48667841CB5CA5700310C29 /* MAdder.cpp */; };
		A4F610781CB49E87009A6F88 /* main.cpp in Sources */ = {isa = PBXBuildFile; fileRef = A4F610771CB49E87009A6F88 /* main.cpp */; };
		A4F610841CB4A0B8009A6F88 /* MOscillator.cpp in Sources */ = {isa = PBXBuildFile; fileRef = A4F610821CB4A0B8009A6F88 /* MOscillator.cpp */; };
		A4F610871CB4A635009A6F88 /* Synth.cpp in Sources */ = {isa = PBXBuildFile; fileRef = A4F610851CB4A635009A6F88 /* Synth.cpp */; };
		A4F6108C1CB4A87D009A6F88 /* ModuleDataBuffer.cpp in Sources */ = {isa = PBXBuildFile; fileRef = A4F6108A1CB4A87D009A6F88 /* ModuleDataBuffer.cpp */; };
		A4F610921CB4ADD1009A6F88 /* ModuleInput.cpp in Sources */ = {isa = PBXBuildFile; fileRef = A4F610901CB4ADD1009A6F88 /* ModuleInput.cpp */; };
		A4F610951CB4AEF0009A6F88 /* ModuleOutput.cpp in Sources */ = {isa = PBXBuildFile; fileRef = A4F610931CB4AEF0009A6F88 /* ModuleOutput.cpp */; };
		A4F610991CB4B961009A6F88 /* TestSynth.cpp in Sources */ = {isa = PBXBuildFile; fileRef = A4F610971CB4B961009A6F88 /* TestSynth.cpp */; };
		A4F6109C1CB4B9C8009A6F88 /* MFinal.cpp in Sources */ = {isa = PBXBuildFile; fileRef = A4F6109A1CB4B9C8009A6F88 /* MFinal.cpp */; };
		A4F610A31CB4D1B7009A6F88 /* CoreAudio.framework in Frameworks */ = {isa = PBXBuildFile; fileRef = A4F610A21CB4D1B7009A6F88 /* CoreAudio.framework */; };
		A4F610A51CB4D1BD009A6F88 /* AudioToolbox.framework in Frameworks */ = {isa = PBXBuildFile; fileRef = A4F610A41CB4D1BD009A6F88 /* AudioToolbox.framework */; };
		A4F610A71CB4D1C5009A6F88 /* AudioUnit.framework in Frameworks */ = {isa = PBXBuildFile; fileRef = A4F610A61CB4D1C5009A6F88 /* AudioUnit.framework */; };
		A4F610A91CB4D1CC009A6F88 /* CoreServices.framework in Frameworks */ = {isa = PBXBuildFile; fileRef = A4F610A81CB4D1CC009A6F88 /* CoreServices.framework */; };
		A4F610AB1CB4D1D1009A6F88 /* Carbon.framework in Frameworks */ = {isa = PBXBuildFile; fileRef = A4F610AA1CB4D1D1009A6F88 /* Carbon.framework */; };
		A4F610AD1CB4D1F4009A6F88 /* libportaudio.a in Frameworks */ = {isa = PBXBuildFile; fileRef = A4F610AC1CB4D1F4009A6F88 /* libportaudio.a */; };
/* End PBXBuildFile section */

/* Begin PBXCopyFilesBuildPhase section */
		A4F610721CB49E87009A6F88 /* CopyFiles */ = {
			isa = PBXCopyFilesBuildPhase;
			buildActionMask = 2147483647;
			dstPath = /usr/share/man/man1/;
			dstSubfolderSpec = 0;
			files = (
			);
			runOnlyForDeploymentPostprocessing = 1;
		};
/* End PBXCopyFilesBuildPhase section */

/* Begin PBXFileReference section */
		A48667801CB5825200310C29 /* TSQueue.h */ = {isa = PBXFileReference; lastKnownFileType = sourcecode.c.h; path = TSQueue.h; sourceTree = "<group>"; };
		A48667811CB5845100310C29 /* MValue.cpp */ = {isa = PBXFileReference; fileEncoding = 4; lastKnownFileType = sourcecode.cpp.cpp; path = MValue.cpp; sourceTree = "<group>"; };
		A48667821CB5845100310C29 /* MValue.hpp */ = {isa = PBXFileReference; fileEncoding = 4; lastKnownFileType = sourcecode.cpp.h; path = MValue.hpp; sourceTree = "<group>"; };
		A48667841CB5CA5700310C29 /* MAdder.cpp */ = {isa = PBXFileReference; fileEncoding = 4; lastKnownFileType = sourcecode.cpp.cpp; path = MAdder.cpp; sourceTree = "<group>"; };
		A48667851CB5CA5700310C29 /* MAdder.hpp */ = {isa = PBXFileReference; fileEncoding = 4; lastKnownFileType = sourcecode.cpp.h; path = MAdder.hpp; sourceTree = "<group>"; };
		A4F610741CB49E87009A6F88 /* ModularSoftSynth */ = {isa = PBXFileReference; explicitFileType = "compiled.mach-o.executable"; includeInIndex = 0; path = ModularSoftSynth; sourceTree = BUILT_PRODUCTS_DIR; };
		A4F610771CB49E87009A6F88 /* main.cpp */ = {isa = PBXFileReference; lastKnownFileType = sourcecode.cpp.cpp; path = main.cpp; sourceTree = "<group>"; };
		A4F6107F1CB49FDE009A6F88 /* Module.hpp */ = {isa = PBXFileReference; fileEncoding = 4; lastKnownFileType = sourcecode.cpp.h; path = Module.hpp; sourceTree = "<group>"; };
		A4F610821CB4A0B8009A6F88 /* MOscillator.cpp */ = {isa = PBXFileReference; fileEncoding = 4; lastKnownFileType = sourcecode.cpp.cpp; path = MOscillator.cpp; sourceTree = "<group>"; };
		A4F610831CB4A0B8009A6F88 /* MOscillator.hpp */ = {isa = PBXFileReference; fileEncoding = 4; lastKnownFileType = sourcecode.cpp.h; path = MOscillator.hpp; sourceTree = "<group>"; };
		A4F610851CB4A635009A6F88 /* Synth.cpp */ = {isa = PBXFileReference; fileEncoding = 4; lastKnownFileType = sourcecode.cpp.cpp; path = Synth.cpp; sourceTree = "<group>"; };
		A4F610861CB4A635009A6F88 /* Synth.hpp */ = {isa = PBXFileReference; fileEncoding = 4; lastKnownFileType = sourcecode.cpp.h; path = Synth.hpp; sourceTree = "<group>"; };
		A4F6108A1CB4A87D009A6F88 /* ModuleDataBuffer.cpp */ = {isa = PBXFileReference; fileEncoding = 4; lastKnownFileType = sourcecode.cpp.cpp; path = ModuleDataBuffer.cpp; sourceTree = "<group>"; };
		A4F6108B1CB4A87D009A6F88 /* ModuleDataBuffer.hpp */ = {isa = PBXFileReference; fileEncoding = 4; lastKnownFileType = sourcecode.cpp.h; path = ModuleDataBuffer.hpp; sourceTree = "<group>"; };
		A4F610901CB4ADD1009A6F88 /* ModuleInput.cpp */ = {isa = PBXFileReference; fileEncoding = 4; lastKnownFileType = sourcecode.cpp.cpp; path = ModuleInput.cpp; sourceTree = "<group>"; };
		A4F610911CB4ADD1009A6F88 /* ModuleInput.hpp */ = {isa = PBXFileReference; fileEncoding = 4; lastKnownFileType = sourcecode.cpp.h; path = ModuleInput.hpp; sourceTree = "<group>"; };
		A4F610931CB4AEF0009A6F88 /* ModuleOutput.cpp */ = {isa = PBXFileReference; fileEncoding = 4; lastKnownFileType = sourcecode.cpp.cpp; path = ModuleOutput.cpp; sourceTree = "<group>"; };
		A4F610941CB4AEF0009A6F88 /* ModuleOutput.hpp */ = {isa = PBXFileReference; fileEncoding = 4; lastKnownFileType = sourcecode.cpp.h; path = ModuleOutput.hpp; sourceTree = "<group>"; };
		A4F610971CB4B961009A6F88 /* TestSynth.cpp */ = {isa = PBXFileReference; fileEncoding = 4; lastKnownFileType = sourcecode.cpp.cpp; path = TestSynth.cpp; sourceTree = "<group>"; };
		A4F610981CB4B961009A6F88 /* TestSynth.hpp */ = {isa = PBXFileReference; fileEncoding = 4; lastKnownFileType = sourcecode.cpp.h; path = TestSynth.hpp; sourceTree = "<group>"; };
		A4F6109A1CB4B9C8009A6F88 /* MFinal.cpp */ = {isa = PBXFileReference; fileEncoding = 4; lastKnownFileType = sourcecode.cpp.cpp; path = MFinal.cpp; sourceTree = "<group>"; };
		A4F6109B1CB4B9C8009A6F88 /* MFinal.hpp */ = {isa = PBXFileReference; fileEncoding = 4; lastKnownFileType = sourcecode.cpp.h; path = MFinal.hpp; sourceTree = "<group>"; };
		A4F610A11CB4CD32009A6F88 /* portaudio.h */ = {isa = PBXFileReference; lastKnownFileType = sourcecode.c.h; path = portaudio.h; sourceTree = "<group>"; };
		A4F610A21CB4D1B7009A6F88 /* CoreAudio.framework */ = {isa = PBXFileReference; lastKnownFileType = wrapper.framework; name = CoreAudio.framework; path = System/Library/Frameworks/CoreAudio.framework; sourceTree = SDKROOT; };
		A4F610A41CB4D1BD009A6F88 /* AudioToolbox.framework */ = {isa = PBXFileReference; lastKnownFileType = wrapper.framework; name = AudioToolbox.framework; path = System/Library/Frameworks/AudioToolbox.framework; sourceTree = SDKROOT; };
		A4F610A61CB4D1C5009A6F88 /* AudioUnit.framework */ = {isa = PBXFileReference; lastKnownFileType = wrapper.framework; name = AudioUnit.framework; path = System/Library/Frameworks/AudioUnit.framework; sourceTree = SDKROOT; };
		A4F610A81CB4D1CC009A6F88 /* CoreServices.framework */ = {isa = PBXFileReference; lastKnownFileType = wrapper.framework; name = CoreServices.framework; path = System/Library/Frameworks/CoreServices.framework; sourceTree = SDKROOT; };
		A4F610AA1CB4D1D1009A6F88 /* Carbon.framework */ = {isa = PBXFileReference; lastKnownFileType = wrapper.framework; name = Carbon.framework; path = System/Library/Frameworks/Carbon.framework; sourceTree = SDKROOT; };
		A4F610AC1CB4D1F4009A6F88 /* libportaudio.a */ = {isa = PBXFileReference; lastKnownFileType = archive.ar; name = libportaudio.a; path = ../../../Desktop/libportaudio.a; sourceTree = "<group>"; };
/* End PBXFileReference section */

/* Begin PBXFrameworksBuildPhase section */
		A4F610711CB49E87009A6F88 /* Frameworks */ = {
			isa = PBXFrameworksBuildPhase;
			buildActionMask = 2147483647;
			files = (
				A4F610AB1CB4D1D1009A6F88 /* Carbon.framework in Frameworks */,
				A4F610A91CB4D1CC009A6F88 /* CoreServices.framework in Frameworks */,
				A4F610A71CB4D1C5009A6F88 /* AudioUnit.framework in Frameworks */,
				A4F610A51CB4D1BD009A6F88 /* AudioToolbox.framework in Frameworks */,
				A4F610A31CB4D1B7009A6F88 /* CoreAudio.framework in Frameworks */,
				A4F610AD1CB4D1F4009A6F88 /* libportaudio.a in Frameworks */,
			);
			runOnlyForDeploymentPostprocessing = 0;
		};
/* End PBXFrameworksBuildPhase section */

/* Begin PBXGroup section */
		A486677F1CB5823000310C29 /* External */ = {
			isa = PBXGroup;
			children = (
				A48667801CB5825200310C29 /* TSQueue.h */,
			);
			name = External;
			sourceTree = "<group>";
		};
		A4F6106B1CB49E87009A6F88 = {
			isa = PBXGroup;
			children = (
				A4F610AE1CB4D1F9009A6F88 /* Frameworks */,
				A4F610A11CB4CD32009A6F88 /* portaudio.h */,
				A4F610761CB49E87009A6F88 /* ModularSoftSynth */,
				A4F610751CB49E87009A6F88 /* Products */,
			);
			sourceTree = "<group>";
		};
		A4F610751CB49E87009A6F88 /* Products */ = {
			isa = PBXGroup;
			children = (
				A4F610741CB49E87009A6F88 /* ModularSoftSynth */,
			);
			name = Products;
			sourceTree = "<group>";
		};
		A4F610761CB49E87009A6F88 /* ModularSoftSynth */ = {
			isa = PBXGroup;
			children = (
				A486677F1CB5823000310C29 /* External */,
				A4F610961CB4B94E009A6F88 /* Test */,
				A4F610881CB4A63D009A6F88 /* Synths */,
				A4F610811CB4A0A0009A6F88 /* Modules */,
				A4F610771CB49E87009A6F88 /* main.cpp */,
			);
			path = ModularSoftSynth;
			sourceTree = "<group>";
		};
		A4F610811CB4A0A0009A6F88 /* Modules */ = {
			isa = PBXGroup;
			children = (
				A4F610891CB4A863009A6F88 /* Module IO */,
				A4F6107F1CB49FDE009A6F88 /* Module.hpp */,
				A4F610831CB4A0B8009A6F88 /* MOscillator.hpp */,
				A4F610821CB4A0B8009A6F88 /* MOscillator.cpp */,
				A4F6109B1CB4B9C8009A6F88 /* MFinal.hpp */,
				A4F6109A1CB4B9C8009A6F88 /* MFinal.cpp */,
				A48667821CB5845100310C29 /* MValue.hpp */,
				A48667811CB5845100310C29 /* MValue.cpp */,
				A48667851CB5CA5700310C29 /* MAdder.hpp */,
				A48667841CB5CA5700310C29 /* MAdder.cpp */,
			);
			name = Modules;
			sourceTree = "<group>";
		};
		A4F610881CB4A63D009A6F88 /* Synths */ = {
			isa = PBXGroup;
			children = (
				A4F610861CB4A635009A6F88 /* Synth.hpp */,
				A4F610851CB4A635009A6F88 /* Synth.cpp */,
			);
			name = Synths;
			sourceTree = "<group>";
		};
		A4F610891CB4A863009A6F88 /* Module IO */ = {
			isa = PBXGroup;
			children = (
				A4F6108B1CB4A87D009A6F88 /* ModuleDataBuffer.hpp */,
				A4F6108A1CB4A87D009A6F88 /* ModuleDataBuffer.cpp */,
				A4F610911CB4ADD1009A6F88 /* ModuleInput.hpp */,
				A4F610901CB4ADD1009A6F88 /* ModuleInput.cpp */,
				A4F610941CB4AEF0009A6F88 /* ModuleOutput.hpp */,
				A4F610931CB4AEF0009A6F88 /* ModuleOutput.cpp */,
			);
			name = "Module IO";
			sourceTree = "<group>";
		};
		A4F610961CB4B94E009A6F88 /* Test */ = {
			isa = PBXGroup;
			children = (
				A4F610981CB4B961009A6F88 /* TestSynth.hpp */,
				A4F610971CB4B961009A6F88 /* TestSynth.cpp */,
			);
			name = Test;
			sourceTree = "<group>";
		};
		A4F610AE1CB4D1F9009A6F88 /* Frameworks */ = {
			isa = PBXGroup;
			children = (
				A4F610AC1CB4D1F4009A6F88 /* libportaudio.a */,
				A4F610AA1CB4D1D1009A6F88 /* Carbon.framework */,
				A4F610A81CB4D1CC009A6F88 /* CoreServices.framework */,
				A4F610A61CB4D1C5009A6F88 /* AudioUnit.framework */,
				A4F610A41CB4D1BD009A6F88 /* AudioToolbox.framework */,
				A4F610A21CB4D1B7009A6F88 /* CoreAudio.framework */,
			);
			name = Frameworks;
			sourceTree = "<group>";
		};
/* End PBXGroup section */

/* Begin PBXNativeTarget section */
		A4F610731CB49E87009A6F88 /* ModularSoftSynth */ = {
			isa = PBXNativeTarget;
			buildConfigurationList = A4F6107B1CB49E87009A6F88 /* Build configuration list for PBXNativeTarget "ModularSoftSynth" */;
			buildPhases = (
				A4F610701CB49E87009A6F88 /* Sources */,
				A4F610711CB49E87009A6F88 /* Frameworks */,
				A4F610721CB49E87009A6F88 /* CopyFiles */,
			);
			buildRules = (
			);
			dependencies = (
			);
			name = ModularSoftSynth;
			productName = ModularSoftSynth;
			productReference = A4F610741CB49E87009A6F88 /* ModularSoftSynth */;
			productType = "com.apple.product-type.tool";
		};
/* End PBXNativeTarget section */

/* Begin PBXProject section */
		A4F6106C1CB49E87009A6F88 /* Project object */ = {
			isa = PBXProject;
			attributes = {
				LastUpgradeCheck = 0730;
				ORGANIZATIONNAME = tate;
				TargetAttributes = {
					A4F610731CB49E87009A6F88 = {
						CreatedOnToolsVersion = 7.3;
					};
				};
			};
			buildConfigurationList = A4F6106F1CB49E87009A6F88 /* Build configuration list for PBXProject "ModularSoftSynth" */;
			compatibilityVersion = "Xcode 3.2";
			developmentRegion = English;
			hasScannedForEncodings = 0;
			knownRegions = (
				en,
			);
			mainGroup = A4F6106B1CB49E87009A6F88;
			productRefGroup = A4F610751CB49E87009A6F88 /* Products */;
			projectDirPath = "";
			projectRoot = "";
			targets = (
				A4F610731CB49E87009A6F88 /* ModularSoftSynth */,
			);
		};
/* End PBXProject section */

/* Begin PBXSourcesBuildPhase section */
		A4F610701CB49E87009A6F88 /* Sources */ = {
			isa = PBXSourcesBuildPhase;
			buildActionMask = 2147483647;
			files = (
				A4F610781CB49E87009A6F88 /* main.cpp in Sources */,
				A4F610991CB4B961009A6F88 /* TestSynth.cpp in Sources */,
				A4F6109C1CB4B9C8009A6F88 /* MFinal.cpp in Sources */,
				A4F610841CB4A0B8009A6F88 /* MOscillator.cpp in Sources */,
				A48667861CB5CA5700310C29 /* MAdder.cpp in Sources */,
				A4F6108C1CB4A87D009A6F88 /* ModuleDataBuffer.cpp in Sources */,
				A4F610921CB4ADD1009A6F88 /* ModuleInput.cpp in Sources */,
				A4F610951CB4AEF0009A6F88 /* ModuleOutput.cpp in Sources */,
				A4F610871CB4A635009A6F88 /* Synth.cpp in Sources */,
				A48667831CB5845100310C29 /* MValue.cpp in Sources */,
			);
			runOnlyForDeploymentPostprocessing = 0;
		};
/* End PBXSourcesBuildPhase section */

/* Begin XCBuildConfiguration section */
		A4F610791CB49E87009A6F88 /* Debug */ = {
			isa = XCBuildConfiguration;
			buildSettings = {
				ALWAYS_SEARCH_USER_PATHS = NO;
				CLANG_ANALYZER_NONNULL = YES;
				CLANG_CXX_LANGUAGE_STANDARD = "gnu++0x";
				CLANG_CXX_LIBRARY = "libc++";
				CLANG_ENABLE_MODULES = YES;
				CLANG_ENABLE_OBJC_ARC = YES;
				CLANG_WARN_BOOL_CONVERSION = YES;
				CLANG_WARN_CONSTANT_CONVERSION = YES;
				CLANG_WARN_DIRECT_OBJC_ISA_USAGE = YES_ERROR;
				CLANG_WARN_EMPTY_BODY = YES;
				CLANG_WARN_ENUM_CONVERSION = YES;
				CLANG_WARN_INT_CONVERSION = YES;
				CLANG_WARN_OBJC_ROOT_CLASS = YES_ERROR;
				CLANG_WARN_UNREACHABLE_CODE = YES;
				CLANG_WARN__DUPLICATE_METHOD_MATCH = YES;
				CODE_SIGN_IDENTITY = "-";
				COPY_PHASE_STRIP = NO;
				DEBUG_INFORMATION_FORMAT = dwarf;
				ENABLE_STRICT_OBJC_MSGSEND = YES;
				ENABLE_TESTABILITY = YES;
				GCC_C_LANGUAGE_STANDARD = gnu99;
				GCC_DYNAMIC_NO_PIC = NO;
				GCC_NO_COMMON_BLOCKS = YES;
				GCC_OPTIMIZATION_LEVEL = 0;
				GCC_PREPROCESSOR_DEFINITIONS = (
					"DEBUG=1",
					"$(inherited)",
				);
				GCC_WARN_64_TO_32_BIT_CONVERSION = YES;
				GCC_WARN_ABOUT_RETURN_TYPE = YES_ERROR;
				GCC_WARN_UNDECLARED_SELECTOR = YES;
				GCC_WARN_UNINITIALIZED_AUTOS = YES_AGGRESSIVE;
				GCC_WARN_UNUSED_FUNCTION = YES;
				GCC_WARN_UNUSED_VARIABLE = YES;
				MACOSX_DEPLOYMENT_TARGET = 10.11;
				MTL_ENABLE_DEBUG_INFO = YES;
				ONLY_ACTIVE_ARCH = YES;
				SDKROOT = macosx;
			};
			name = Debug;
		};
		A4F6107A1CB49E87009A6F88 /* Release */ = {
			isa = XCBuildConfiguration;
			buildSettings = {
				ALWAYS_SEARCH_USER_PATHS = NO;
				CLANG_ANALYZER_NONNULL = YES;
				CLANG_CXX_LANGUAGE_STANDARD = "gnu++0x";
				CLANG_CXX_LIBRARY = "libc++";
				CLANG_ENABLE_MODULES = YES;
				CLANG_ENABLE_OBJC_ARC = YES;
				CLANG_WARN_BOOL_CONVERSION = YES;
				CLANG_WARN_CONSTANT_CONVERSION = YES;
				CLANG_WARN_DIRECT_OBJC_ISA_USAGE = YES_ERROR;
				CLANG_WARN_EMPTY_BODY = YES;
				CLANG_WARN_ENUM_CONVERSION = YES;
				CLANG_WARN_INT_CONVERSION = YES;
				CLANG_WARN_OBJC_ROOT_CLASS = YES_ERROR;
				CLANG_WARN_UNREACHABLE_CODE = YES;
				CLANG_WARN__DUPLICATE_METHOD_MATCH = YES;
				CODE_SIGN_IDENTITY = "-";
				COPY_PHASE_STRIP = NO;
				DEBUG_INFORMATION_FORMAT = "dwarf-with-dsym";
				ENABLE_NS_ASSERTIONS = NO;
				ENABLE_STRICT_OBJC_MSGSEND = YES;
				GCC_C_LANGUAGE_STANDARD = gnu99;
				GCC_NO_COMMON_BLOCKS = YES;
				GCC_WARN_64_TO_32_BIT_CONVERSION = YES;
				GCC_WARN_ABOUT_RETURN_TYPE = YES_ERROR;
				GCC_WARN_UNDECLARED_SELECTOR = YES;
				GCC_WARN_UNINITIALIZED_AUTOS = YES_AGGRESSIVE;
				GCC_WARN_UNUSED_FUNCTION = YES;
				GCC_WARN_UNUSED_VARIABLE = YES;
				MACOSX_DEPLOYMENT_TARGET = 10.11;
				MTL_ENABLE_DEBUG_INFO = NO;
				SDKROOT = macosx;
			};
			name = Release;
		};
		A4F6107C1CB49E87009A6F88 /* Debug */ = {
			isa = XCBuildConfiguration;
			buildSettings = {
				HEADER_SEARCH_PATHS = /usr/local/include/;
				LIBRARY_SEARCH_PATHS = /usr/local/lib/;
				OTHER_LDFLAGS = "";
				PRODUCT_NAME = "$(TARGET_NAME)";
			};
			name = Debug;
		};
		A4F6107D1CB49E87009A6F88 /* Release */ = {
			isa = XCBuildConfiguration;
			buildSettings = {
				HEADER_SEARCH_PATHS = /usr/local/include/;
				LIBRARY_SEARCH_PATHS = /usr/local/lib/;
				OTHER_LDFLAGS = "";
				PRODUCT_NAME = "$(TARGET_NAME)";
			};
			name = Release;
		};
/* End XCBuildConfiguration section */

/* Begin XCConfigurationList section */
		A4F6106F1CB49E87009A6F88 /* Build configuration list for PBXProject "ModularSoftSynth" */ = {
			isa = XCConfigurationList;
			buildConfigurations = (
				A4F610791CB49E87009A6F88 /* Debug */,
				A4F6107A1CB49E87009A6F88 /* Release */,
			);
			defaultConfigurationIsVisible = 0;
			defaultConfigurationName = Release;
		};
		A4F6107B1CB49E87009A6F88 /* Build configuration list for PBXNativeTarget "ModularSoftSynth" */ = {
			isa = XCConfigurationList;
			buildConfigurations = (
				A4F6107C1CB49E87009A6F88 /* Debug */,
				A4F6107D1CB49E87009A6F88 /* Release */,
			);
			defaultConfigurationIsVisible = 0;
			defaultConfigurationName = Release;
		};
/* End XCConfigurationList section */
	};
	rootObject = A4F6106C1CB49E87009A6F88 /* Project object */;
}
