// !$*UTF8*$!
{
	archiveVersion = 1;
	classes = {
	};
	objectVersion = 46;
	objects = {

/* Begin PBXBuildFile section */
		A4F610781CB49E87009A6F88 /* main.cpp in Sources */ = {isa = PBXBuildFile; fileRef = A4F610771CB49E87009A6F88 /* main.cpp */; };
		A4F610841CB4A0B8009A6F88 /* MOscillator.cpp in Sources */ = {isa = PBXBuildFile; fileRef = A4F610821CB4A0B8009A6F88 /* MOscillator.cpp */; };
		A4F610871CB4A635009A6F88 /* Synth.cpp in Sources */ = {isa = PBXBuildFile; fileRef = A4F610851CB4A635009A6F88 /* Synth.cpp */; };
		A4F6108C1CB4A87D009A6F88 /* ModuleDataBuffer.cpp in Sources */ = {isa = PBXBuildFile; fileRef = A4F6108A1CB4A87D009A6F88 /* ModuleDataBuffer.cpp */; };
		A4F610921CB4ADD1009A6F88 /* ModuleInput.cpp in Sources */ = {isa = PBXBuildFile; fileRef = A4F610901CB4ADD1009A6F88 /* ModuleInput.cpp */; };
		A4F610951CB4AEF0009A6F88 /* ModuleOutput.cpp in Sources */ = {isa = PBXBuildFile; fileRef = A4F610931CB4AEF0009A6F88 /* ModuleOutput.cpp */; };
/* End PBXBuildFile section */

/* Begin PBXCopyFilesBuildPhase section */
		A4F610721CB49E87009A6F88 /* CopyFiles */ = {
			isa = PBXCopyFilesBuildPhase;
			buildActionMask = 2147483647;
			dstPath = /usr/share/man/man1/;
			dstSubfolderSpec = 0;
			files = (
			);
			runOnlyForDeploymentPostprocessing = 1;
		};
/* End PBXCopyFilesBuildPhase section */

/* Begin PBXFileReference section */
		A4F610741CB49E87009A6F88 /* ModularSoftSynth */ = {isa = PBXFileReference; explicitFileType = "compiled.mach-o.executable"; includeInIndex = 0; path = ModularSoftSynth; sourceTree = BUILT_PRODUCTS_DIR; };
		A4F610771CB49E87009A6F88 /* main.cpp */ = {isa = PBXFileReference; lastKnownFileType = sourcecode.cpp.cpp; path = main.cpp; sourceTree = "<group>"; };
		A4F6107F1CB49FDE009A6F88 /* Module.hpp */ = {isa = PBXFileReference; fileEncoding = 4; lastKnownFileType = sourcecode.cpp.h; path = Module.hpp; sourceTree = "<group>"; };
		A4F610821CB4A0B8009A6F88 /* MOscillator.cpp */ = {isa = PBXFileReference; fileEncoding = 4; lastKnownFileType = sourcecode.cpp.cpp; path = MOscillator.cpp; sourceTree = "<group>"; };
		A4F610831CB4A0B8009A6F88 /* MOscillator.hpp */ = {isa = PBXFileReference; fileEncoding = 4; lastKnownFileType = sourcecode.cpp.h; path = MOscillator.hpp; sourceTree = "<group>"; };
		A4F610851CB4A635009A6F88 /* Synth.cpp */ = {isa = PBXFileReference; fileEncoding = 4; lastKnownFileType = sourcecode.cpp.cpp; path = Synth.cpp; sourceTree = "<group>"; };
		A4F610861CB4A635009A6F88 /* Synth.hpp */ = {isa = PBXFileReference; fileEncoding = 4; lastKnownFileType = sourcecode.cpp.h; path = Synth.hpp; sourceTree = "<group>"; };
		A4F6108A1CB4A87D009A6F88 /* ModuleDataBuffer.cpp */ = {isa = PBXFileReference; fileEncoding = 4; lastKnownFileType = sourcecode.cpp.cpp; path = ModuleDataBuffer.cpp; sourceTree = "<group>"; };
		A4F6108B1CB4A87D009A6F88 /* ModuleDataBuffer.hpp */ = {isa = PBXFileReference; fileEncoding = 4; lastKnownFileType = sourcecode.cpp.h; path = ModuleDataBuffer.hpp; sourceTree = "<group>"; };
		A4F610901CB4ADD1009A6F88 /* ModuleInput.cpp */ = {isa = PBXFileReference; fileEncoding = 4; lastKnownFileType = sourcecode.cpp.cpp; path = ModuleInput.cpp; sourceTree = "<group>"; };
		A4F610911CB4ADD1009A6F88 /* ModuleInput.hpp */ = {isa = PBXFileReference; fileEncoding = 4; lastKnownFileType = sourcecode.cpp.h; path = ModuleInput.hpp; sourceTree = "<group>"; };
		A4F610931CB4AEF0009A6F88 /* ModuleOutput.cpp */ = {isa = PBXFileReference; fileEncoding = 4; lastKnownFileType = sourcecode.cpp.cpp; path = ModuleOutput.cpp; sourceTree = "<group>"; };
		A4F610941CB4AEF0009A6F88 /* ModuleOutput.hpp */ = {isa = PBXFileReference; fileEncoding = 4; lastKnownFileType = sourcecode.cpp.h; path = ModuleOutput.hpp; sourceTree = "<group>"; };
/* End PBXFileReference section */

/* Begin PBXFrameworksBuildPhase section */
		A4F610711CB49E87009A6F88 /* Frameworks */ = {
			isa = PBXFrameworksBuildPhase;
			buildActionMask = 2147483647;
			files = (
			);
			runOnlyForDeploymentPostprocessing = 0;
		};
/* End PBXFrameworksBuildPhase section */

/* Begin PBXGroup section */
		A4F6106B1CB49E87009A6F88 = {
			isa = PBXGroup;
			children = (
				A4F610761CB49E87009A6F88 /* ModularSoftSynth */,
				A4F610751CB49E87009A6F88 /* Products */,
			);
			sourceTree = "<group>";
		};
		A4F610751CB49E87009A6F88 /* Products */ = {
			isa = PBXGroup;
			children = (
				A4F610741CB49E87009A6F88 /* ModularSoftSynth */,
			);
			name = Products;
			sourceTree = "<group>";
		};
		A4F610761CB49E87009A6F88 /* ModularSoftSynth */ = {
			isa = PBXGroup;
			children = (
				A4F610891CB4A863009A6F88 /* Module IO */,
				A4F610881CB4A63D009A6F88 /* Synths */,
				A4F610811CB4A0A0009A6F88 /* Modules */,
				A4F610771CB49E87009A6F88 /* main.cpp */,
			);
			path = ModularSoftSynth;
			sourceTree = "<group>";
		};
		A4F610811CB4A0A0009A6F88 /* Modules */ = {
			isa = PBXGroup;
			children = (
				A4F6107F1CB49FDE009A6F88 /* Module.hpp */,
				A4F610831CB4A0B8009A6F88 /* MOscillator.hpp */,
				A4F610821CB4A0B8009A6F88 /* MOscillator.cpp */,
			);
			name = Modules;
			sourceTree = "<group>";
		};
		A4F610881CB4A63D009A6F88 /* Synths */ = {
			isa = PBXGroup;
			children = (
				A4F610861CB4A635009A6F88 /* Synth.hpp */,
				A4F610851CB4A635009A6F88 /* Synth.cpp */,
			);
			name = Synths;
			sourceTree = "<group>";
		};
		A4F610891CB4A863009A6F88 /* Module IO */ = {
			isa = PBXGroup;
			children = (
				A4F6108B1CB4A87D009A6F88 /* ModuleDataBuffer.hpp */,
				A4F6108A1CB4A87D009A6F88 /* ModuleDataBuffer.cpp */,
				A4F610911CB4ADD1009A6F88 /* ModuleInput.hpp */,
				A4F610901CB4ADD1009A6F88 /* ModuleInput.cpp */,
				A4F610941CB4AEF0009A6F88 /* ModuleOutput.hpp */,
				A4F610931CB4AEF0009A6F88 /* ModuleOutput.cpp */,
			);
			name = "Module IO";
			sourceTree = "<group>";
		};
/* End PBXGroup section */

/* Begin PBXNativeTarget section */
		A4F610731CB49E87009A6F88 /* ModularSoftSynth */ = {
			isa = PBXNativeTarget;
			buildConfigurationList = A4F6107B1CB49E87009A6F88 /* Build configuration list for PBXNativeTarget "ModularSoftSynth" */;
			buildPhases = (
				A4F610701CB49E87009A6F88 /* Sources */,
				A4F610711CB49E87009A6F88 /* Frameworks */,
				A4F610721CB49E87009A6F88 /* CopyFiles */,
			);
			buildRules = (
			);
			dependencies = (
			);
			name = ModularSoftSynth;
			productName = ModularSoftSynth;
			productReference = A4F610741CB49E87009A6F88 /* ModularSoftSynth */;
			productType = "com.apple.product-type.tool";
		};
/* End PBXNativeTarget section */

/* Begin PBXProject section */
		A4F6106C1CB49E87009A6F88 /* Project object */ = {
			isa = PBXProject;
			attributes = {
				LastUpgradeCheck = 0730;
				ORGANIZATIONNAME = tate;
				TargetAttributes = {
					A4F610731CB49E87009A6F88 = {
						CreatedOnToolsVersion = 7.3;
					};
				};
			};
			buildConfigurationList = A4F6106F1CB49E87009A6F88 /* Build configuration list for PBXProject "ModularSoftSynth" */;
			compatibilityVersion = "Xcode 3.2";
			developmentRegion = English;
			hasScannedForEncodings = 0;
			knownRegions = (
				en,
			);
			mainGroup = A4F6106B1CB49E87009A6F88;
			productRefGroup = A4F610751CB49E87009A6F88 /* Products */;
			projectDirPath = "";
			projectRoot = "";
			targets = (
				A4F610731CB49E87009A6F88 /* ModularSoftSynth */,
			);
		};
/* End PBXProject section */

/* Begin PBXSourcesBuildPhase section */
		A4F610701CB49E87009A6F88 /* Sources */ = {
			isa = PBXSourcesBuildPhase;
			buildActionMask = 2147483647;
			files = (
				A4F610781CB49E87009A6F88 /* main.cpp in Sources */,
				A4F610841CB4A0B8009A6F88 /* MOscillator.cpp in Sources */,
				A4F6108C1CB4A87D009A6F88 /* ModuleDataBuffer.cpp in Sources */,
				A4F610921CB4ADD1009A6F88 /* ModuleInput.cpp in Sources */,
				A4F610951CB4AEF0009A6F88 /* ModuleOutput.cpp in Sources */,
				A4F610871CB4A635009A6F88 /* Synth.cpp in Sources */,
			);
			runOnlyForDeploymentPostprocessing = 0;
		};
/* End PBXSourcesBuildPhase section */

/* Begin XCBuildConfiguration section */
		A4F610791CB49E87009A6F88 /* Debug */ = {
			isa = XCBuildConfiguration;
			buildSettings = {
				ALWAYS_SEARCH_USER_PATHS = NO;
				CLANG_ANALYZER_NONNULL = YES;
				CLANG_CXX_LANGUAGE_STANDARD = "gnu++0x";
				CLANG_CXX_LIBRARY = "libc++";
				CLANG_ENABLE_MODULES = YES;
				CLANG_ENABLE_OBJC_ARC = YES;
				CLANG_WARN_BOOL_CONVERSION = YES;
				CLANG_WARN_CONSTANT_CONVERSION = YES;
				CLANG_WARN_DIRECT_OBJC_ISA_USAGE = YES_ERROR;
				CLANG_WARN_EMPTY_BODY = YES;
				CLANG_WARN_ENUM_CONVERSION = YES;
				CLANG_WARN_INT_CONVERSION = YES;
				CLANG_WARN_OBJC_ROOT_CLASS = YES_ERROR;
				CLANG_WARN_UNREACHABLE_CODE = YES;
				CLANG_WARN__DUPLICATE_METHOD_MATCH = YES;
				CODE_SIGN_IDENTITY = "-";
				COPY_PHASE_STRIP = NO;
				DEBUG_INFORMATION_FORMAT = dwarf;
				ENABLE_STRICT_OBJC_MSGSEND = YES;
				ENABLE_TESTABILITY = YES;
				GCC_C_LANGUAGE_STANDARD = gnu99;
				GCC_DYNAMIC_NO_PIC = NO;
				GCC_NO_COMMON_BLOCKS = YES;
				GCC_OPTIMIZATION_LEVEL = 0;
				GCC_PREPROCESSOR_DEFINITIONS = (
					"DEBUG=1",
					"$(inherited)",
				);
				GCC_WARN_64_TO_32_BIT_CONVERSION = YES;
				GCC_WARN_ABOUT_RETURN_TYPE = YES_ERROR;
				GCC_WARN_UNDECLARED_SELECTOR = YES;
				GCC_WARN_UNINITIALIZED_AUTOS = YES_AGGRESSIVE;
				GCC_WARN_UNUSED_FUNCTION = YES;
				GCC_WARN_UNUSED_VARIABLE = YES;
				MACOSX_DEPLOYMENT_TARGET = 10.11;
				MTL_ENABLE_DEBUG_INFO = YES;
				ONLY_ACTIVE_ARCH = YES;
				SDKROOT = macosx;
			};
			name = Debug;
		};
		A4F6107A1CB49E87009A6F88 /* Release */ = {
			isa = XCBuildConfiguration;
			buildSettings = {
				ALWAYS_SEARCH_USER_PATHS = NO;
				CLANG_ANALYZER_NONNULL = YES;
				CLANG_CXX_LANGUAGE_STANDARD = "gnu++0x";
				CLANG_CXX_LIBRARY = "libc++";
				CLANG_ENABLE_MODULES = YES;
				CLANG_ENABLE_OBJC_ARC = YES;
				CLANG_WARN_BOOL_CONVERSION = YES;
				CLANG_WARN_CONSTANT_CONVERSION = YES;
				CLANG_WARN_DIRECT_OBJC_ISA_USAGE = YES_ERROR;
				CLANG_WARN_EMPTY_BODY = YES;
				CLANG_WARN_ENUM_CONVERSION = YES;
				CLANG_WARN_INT_CONVERSION = YES;
				CLANG_WARN_OBJC_ROOT_CLASS = YES_ERROR;
				CLANG_WARN_UNREACHABLE_CODE = YES;
				CLANG_WARN__DUPLICATE_METHOD_MATCH = YES;
				CODE_SIGN_IDENTITY = "-";
				COPY_PHASE_STRIP = NO;
				DEBUG_INFORMATION_FORMAT = "dwarf-with-dsym";
				ENABLE_NS_ASSERTIONS = NO;
				ENABLE_STRICT_OBJC_MSGSEND = YES;
				GCC_C_LANGUAGE_STANDARD = gnu99;
				GCC_NO_COMMON_BLOCKS = YES;
				GCC_WARN_64_TO_32_BIT_CONVERSION = YES;
				GCC_WARN_ABOUT_RETURN_TYPE = YES_ERROR;
				GCC_WARN_UNDECLARED_SELECTOR = YES;
				GCC_WARN_UNINITIALIZED_AUTOS = YES_AGGRESSIVE;
				GCC_WARN_UNUSED_FUNCTION = YES;
				GCC_WARN_UNUSED_VARIABLE = YES;
				MACOSX_DEPLOYMENT_TARGET = 10.11;
				MTL_ENABLE_DEBUG_INFO = NO;
				SDKROOT = macosx;
			};
			name = Release;
		};
		A4F6107C1CB49E87009A6F88 /* Debug */ = {
			isa = XCBuildConfiguration;
			buildSettings = {
				PRODUCT_NAME = "$(TARGET_NAME)";
			};
			name = Debug;
		};
		A4F6107D1CB49E87009A6F88 /* Release */ = {
			isa = XCBuildConfiguration;
			buildSettings = {
				PRODUCT_NAME = "$(TARGET_NAME)";
			};
			name = Release;
		};
/* End XCBuildConfiguration section */

/* Begin XCConfigurationList section */
		A4F6106F1CB49E87009A6F88 /* Build configuration list for PBXProject "ModularSoftSynth" */ = {
			isa = XCConfigurationList;
			buildConfigurations = (
				A4F610791CB49E87009A6F88 /* Debug */,
				A4F6107A1CB49E87009A6F88 /* Release */,
			);
			defaultConfigurationIsVisible = 0;
			defaultConfigurationName = Release;
		};
		A4F6107B1CB49E87009A6F88 /* Build configuration list for PBXNativeTarget "ModularSoftSynth" */ = {
			isa = XCConfigurationList;
			buildConfigurations = (
				A4F6107C1CB49E87009A6F88 /* Debug */,
				A4F6107D1CB49E87009A6F88 /* Release */,
			);
			defaultConfigurationIsVisible = 0;
		};
/* End XCConfigurationList section */
	};
	rootObject = A4F6106C1CB49E87009A6F88 /* Project object */;
}
